
Microsoft Visual Studio Solution File, Format Version 12.00
# Visual Studio 15
VisualStudioVersion = 15.0.28307.329
MinimumVisualStudioVersion = 10.0.40219.1
Project("{FAE04EC0-301F-11D3-BF4B-00C04F79EFBC}") = "BilletLibrary", "BilletLibrary\BilletLibrary.csproj", "{12CFFE59-59E6-4523-80A0-4CF1D53D3C2A}"
EndProject
Project("{FAE04EC0-301F-11D3-BF4B-00C04F79EFBC}") = "UnitTest", "UnitTest\UnitTest.csproj", "{E4366DCC-3724-4D24-9973-415FBC8990B0}"
EndProject
Global
	GlobalSection(SolutionConfigurationPlatforms) = preSolution
		Debug|Any CPU = Debug|Any CPU
		Release|Any CPU = Release|Any CPU
	EndGlobalSection
	GlobalSection(ProjectConfigurationPlatforms) = postSolution
		{12CFFE59-59E6-4523-80A0-4CF1D53D3C2A}.Debug|Any CPU.ActiveCfg = Debug|Any CPU
		{12CFFE59-59E6-4523-80A0-4CF1D53D3C2A}.Debug|Any CPU.Build.0 = Debug|Any CPU
		{12CFFE59-59E6-4523-80A0-4CF1D53D3C2A}.Release|Any CPU.ActiveCfg = Release|Any CPU
		{12CFFE59-59E6-4523-80A0-4CF1D53D3C2A}.Release|Any CPU.Build.0 = Release|Any CPU
		{E4366DCC-3724-4D24-9973-415FBC8990B0}.Debug|Any CPU.ActiveCfg = Debug|Any CPU
		{E4366DCC-3724-4D24-9973-415FBC8990B0}.Debug|Any CPU.Build.0 = Debug|Any CPU
		{E4366DCC-3724-4D24-9973-415FBC8990B0}.Release|Any CPU.ActiveCfg = Release|Any CPU
		{E4366DCC-3724-4D24-9973-415FBC8990B0}.Release|Any CPU.Build.0 = Release|Any CPU
	EndGlobalSection
	GlobalSection(SolutionProperties) = preSolution
		HideSolutionNode = FALSE
	EndGlobalSection
	GlobalSection(ExtensibilityGlobals) = postSolution
		SolutionGuid = {3F793D31-04EE-4DBF-B29F-D98478E542C7}
	EndGlobalSection
EndGlobal
